{
  "name": "nexa-test-lab",
  "version": "1.0.7",
  "lockfileVersion": 3,
  "requires": true,
  "packages": {
    "": {
      "name": "nexa-test-lab",
      "version": "1.0.7",
      "license": "UNLICENSED",
      "devDependencies": {
        "electron": "43.1.0",
        "electron-builder": "26.15.3"
      }
    }
  }
}
